// !$*UTF8*$!
{
	archiveVersion = 1;
	classes = {
	};
	objectVersion = 46;
	objects = {

/* Begin PBXBuildFile section */
		21C5F8A1197B356E008B9DF4 /* AppDelegate.swift in Sources */ = {isa = PBXBuildFile; fileRef = 21C5F8A0197B356E008B9DF4 /* AppDelegate.swift */; };
		21C5F8A3197B356E008B9DF4 /* ViewController.swift in Sources */ = {isa = PBXBuildFile; fileRef = 21C5F8A2197B356E008B9DF4 /* ViewController.swift */; };
		21C5F8A6197B356E008B9DF4 /* Main.storyboard in Resources */ = {isa = PBXBuildFile; fileRef = 21C5F8A4197B356E008B9DF4 /* Main.storyboard */; };
		21C5F8A8197B356E008B9DF4 /* Images.xcassets in Resources */ = {isa = PBXBuildFile; fileRef = 21C5F8A7197B356E008B9DF4 /* Images.xcassets */; };
		21C5F8B4197B356F008B9DF4 /* HelloWorldTests.swift in Sources */ = {isa = PBXBuildFile; fileRef = 21C5F8B3197B356F008B9DF4 /* HelloWorldTests.swift */; };
/* End PBXBuildFile section */

/* Begin PBXContainerItemProxy section */
		21C5F8AE197B356F008B9DF4 /* PBXContainerItemProxy */ = {
			isa = PBXContainerItemProxy;
			containerPortal = 21C5F893197B356E008B9DF4 /* Project object */;
			proxyType = 1;
			remoteGlobalIDString = 21C5F89A197B356E008B9DF4;
			remoteInfo = HelloWorld;
		};
/* End PBXContainerItemProxy section */

/* Begin PBXFileReference section */
		21C5F89B197B356E008B9DF4 /* HelloWorld.app */ = {isa = PBXFileReference; explicitFileType = wrapper.application; includeInIndex = 0; path = HelloWorld.app; sourceTree = BUILT_PRODUCTS_DIR; };
		21C5F89F197B356E008B9DF4 /* Info.plist */ = {isa = PBXFileReference; lastKnownFileType = text.plist.xml; path = Info.plist; sourceTree = "<group>"; };
		21C5F8A0197B356E008B9DF4 /* AppDelegate.swift */ = {isa = PBXFileReference; lastKnownFileType = sourcecode.swift; path = AppDelegate.swift; sourceTree = "<group>"; };
		21C5F8A2197B356E008B9DF4 /* ViewController.swift */ = {isa = PBXFileReference; lastKnownFileType = sourcecode.swift; path = ViewController.swift; sourceTree = "<group>"; };
		21C5F8A5197B356E008B9DF4 /* Base */ = {isa = PBXFileReference; lastKnownFileType = file.storyboard; name = Base; path = Base.lproj/Main.storyboard; sourceTree = "<group>"; };
		21C5F8A7197B356E008B9DF4 /* Images.xcassets */ = {isa = PBXFileReference; lastKnownFileType = folder.assetcatalog; path = Images.xcassets; sourceTree = "<group>"; };
		21C5F8AD197B356F008B9DF4 /* HelloWorldTests.xctest */ = {isa = PBXFileReference; explicitFileType = wrapper.cfbundle; includeInIndex = 0; path = HelloWorldTests.xctest; sourceTree = BUILT_PRODUCTS_DIR; };
		21C5F8B2197B356F008B9DF4 /* Info.plist */ = {isa = PBXFileReference; lastKnownFileType = text.plist.xml; path = Info.plist; sourceTree = "<group>"; };
		21C5F8B3197B356F008B9DF4 /* HelloWorldTests.swift */ = {isa = PBXFileReference; lastKnownFileType = sourcecode.swift; path = HelloWorldTests.swift; sourceTree = "<group>"; };
/* End PBXFileReference section */

/* Begin PBXFrameworksBuildPhase section */
		21C5F898197B356E008B9DF4 /* Frameworks */ = {
			isa = PBXFrameworksBuildPhase;
			buildActionMask = 2147483647;
			files = (
			);
			runOnlyForDeploymentPostprocessing = 0;
		};
		21C5F8AA197B356F008B9DF4 /* Frameworks */ = {
			isa = PBXFrameworksBuildPhase;
			buildActionMask = 2147483647;
			files = (
			);
			runOnlyForDeploymentPostprocessing = 0;
		};
/* End PBXFrameworksBuildPhase section */

/* Begin PBXGroup section */
		21C5F892197B356E008B9DF4 = {
			isa = PBXGroup;
			children = (
				21C5F89D197B356E008B9DF4 /* HelloWorld */,
				21C5F8B0197B356F008B9DF4 /* HelloWorldTests */,
				21C5F89C197B356E008B9DF4 /* Products */,
			);
			sourceTree = "<group>";
		};
		21C5F89C197B356E008B9DF4 /* Products */ = {
			isa = PBXGroup;
			children = (
				21C5F89B197B356E008B9DF4 /* HelloWorld.app */,
				21C5F8AD197B356F008B9DF4 /* HelloWorldTests.xctest */,
			);
			name = Products;
			sourceTree = "<group>";
		};
		21C5F89D197B356E008B9DF4 /* HelloWorld */ = {
			isa = PBXGroup;
			children = (
				21C5F8A0197B356E008B9DF4 /* AppDelegate.swift */,
				21C5F8A2197B356E008B9DF4 /* ViewController.swift */,
				21C5F8A4197B356E008B9DF4 /* Main.storyboard */,
				21C5F8A7197B356E008B9DF4 /* Images.xcassets */,
				21C5F89E197B356E008B9DF4 /* Supporting Files */,
			);
			path = HelloWorld;
			sourceTree = "<group>";
		};
		21C5F89E197B356E008B9DF4 /* Supporting Files */ = {
			isa = PBXGroup;
			children = (
				21C5F89F197B356E008B9DF4 /* Info.plist */,
			);
			name = "Supporting Files";
			sourceTree = "<group>";
		};
		21C5F8B0197B356F008B9DF4 /* HelloWorldTests */ = {
			isa = PBXGroup;
			children = (
				21C5F8B3197B356F008B9DF4 /* HelloWorldTests.swift */,
				21C5F8B1197B356F008B9DF4 /* Supporting Files */,
			);
			path = HelloWorldTests;
			sourceTree = "<group>";
		};
		21C5F8B1197B356F008B9DF4 /* Supporting Files */ = {
			isa = PBXGroup;
			children = (
				21C5F8B2197B356F008B9DF4 /* Info.plist */,
			);
			name = "Supporting Files";
			sourceTree = "<group>";
		};
/* End PBXGroup section */

/* Begin PBXNativeTarget section */
		21C5F89A197B356E008B9DF4 /* HelloWorld */ = {
			isa = PBXNativeTarget;
			buildConfigurationList = 21C5F8B7197B356F008B9DF4 /* Build configuration list for PBXNativeTarget "HelloWorld" */;
			buildPhases = (
				21C5F897197B356E008B9DF4 /* Sources */,
				21C5F898197B356E008B9DF4 /* Frameworks */,
				21C5F899197B356E008B9DF4 /* Resources */,
			);
			buildRules = (
			);
			dependencies = (
			);
			name = HelloWorld;
			productName = HelloWorld;
			productReference = 21C5F89B197B356E008B9DF4 /* HelloWorld.app */;
			productType = "com.apple.product-type.application";
		};
		21C5F8AC197B356F008B9DF4 /* HelloWorldTests */ = {
			isa = PBXNativeTarget;
			buildConfigurationList = 21C5F8BA197B356F008B9DF4 /* Build configuration list for PBXNativeTarget "HelloWorldTests" */;
			buildPhases = (
				21C5F8A9197B356F008B9DF4 /* Sources */,
				21C5F8AA197B356F008B9DF4 /* Frameworks */,
				21C5F8AB197B356F008B9DF4 /* Resources */,
			);
			buildRules = (
			);
			dependencies = (
				21C5F8AF197B356F008B9DF4 /* PBXTargetDependency */,
			);
			name = HelloWorldTests;
			productName = HelloWorldTests;
			productReference = 21C5F8AD197B356F008B9DF4 /* HelloWorldTests.xctest */;
			productType = "com.apple.product-type.bundle.unit-test";
		};
/* End PBXNativeTarget section */

/* Begin PBXProject section */
		21C5F893197B356E008B9DF4 /* Project object */ = {
			isa = PBXProject;
			attributes = {
				LastUpgradeCheck = 0600;
				ORGANIZATIONNAME = Mav3r1ck;
				TargetAttributes = {
					21C5F89A197B356E008B9DF4 = {
						CreatedOnToolsVersion = 6.0;
					};
					21C5F8AC197B356F008B9DF4 = {
						CreatedOnToolsVersion = 6.0;
						TestTargetID = 21C5F89A197B356E008B9DF4;
					};
				};
			};
			buildConfigurationList = 21C5F896197B356E008B9DF4 /* Build configuration list for PBXProject "HelloWorld" */;
			compatibilityVersion = "Xcode 3.2";
			developmentRegion = English;
			hasScannedForEncodings = 0;
			knownRegions = (
				en,
				Base,
			);
			mainGroup = 21C5F892197B356E008B9DF4;
			productRefGroup = 21C5F89C197B356E008B9DF4 /* Products */;
			projectDirPath = "";
			projectRoot = "";
			targets = (
				21C5F89A197B356E008B9DF4 /* HelloWorld */,
				21C5F8AC197B356F008B9DF4 /* HelloWorldTests */,
			);
		};
/* End PBXProject section */

/* Begin PBXResourcesBuildPhase section */
		21C5F899197B356E008B9DF4 /* Resources */ = {
			isa = PBXResourcesBuildPhase;
			buildActionMask = 2147483647;
			files = (
				21C5F8A6197B356E008B9DF4 /* Main.storyboard in Resources */,
				21C5F8A8197B356E008B9DF4 /* Images.xcassets in Resources */,
			);
			runOnlyForDeploymentPostprocessing = 0;
		};
		21C5F8AB197B356F008B9DF4 /* Resources */ = {
			isa = PBXResourcesBuildPhase;
			buildActionMask = 2147483647;
			files = (
			);
			runOnlyForDeploymentPostprocessing = 0;
		};
/* End PBXResourcesBuildPhase section */

/* Begin PBXSourcesBuildPhase section */
		21C5F897197B356E008B9DF4 /* Sources */ = {
			isa = PBXSourcesBuildPhase;
			buildActionMask = 2147483647;
			files = (
				21C5F8A3197B356E008B9DF4 /* ViewController.swift in Sources */,
				21C5F8A1197B356E008B9DF4 /* AppDelegate.swift in Sources */,
			);
			runOnlyForDeploymentPostprocessing = 0;
		};
		21C5F8A9197B356F008B9DF4 /* Sources */ = {
			isa = PBXSourcesBuildPhase;
			buildActionMask = 2147483647;
			files = (
				21C5F8B4197B356F008B9DF4 /* HelloWorldTests.swift in Sources */,
			);
			runOnlyForDeploymentPostprocessing = 0;
		};
/* End PBXSourcesBuildPhase section */

/* Begin PBXTargetDependency section */
		21C5F8AF197B356F008B9DF4 /* PBXTargetDependency */ = {
			isa = PBXTargetDependency;
			target = 21C5F89A197B356E008B9DF4 /* HelloWorld */;
			targetProxy = 21C5F8AE197B356F008B9DF4 /* PBXContainerItemProxy */;
		};
/* End PBXTargetDependency section */

/* Begin PBXVariantGroup section */
		21C5F8A4197B356E008B9DF4 /* Main.storyboard */ = {
			isa = PBXVariantGroup;
			children = (
				21C5F8A5197B356E008B9DF4 /* Base */,
			);
			name = Main.storyboard;
			sourceTree = "<group>";
		};
/* End PBXVariantGroup section */

/* Begin XCBuildConfiguration section */
		21C5F8B5197B356F008B9DF4 /* Debug */ = {
			isa = XCBuildConfiguration;
			buildSettings = {
				ALWAYS_SEARCH_USER_PATHS = NO;
				CLANG_CXX_LANGUAGE_STANDARD = "gnu++0x";
				CLANG_CXX_LIBRARY = "libc++";
				CLANG_ENABLE_MODULES = YES;
				CLANG_ENABLE_OBJC_ARC = YES;
				CLANG_WARN_BOOL_CONVERSION = YES;
				CLANG_WARN_CONSTANT_CONVERSION = YES;
				CLANG_WARN_DIRECT_OBJC_ISA_USAGE = YES_ERROR;
				CLANG_WARN_EMPTY_BODY = YES;
				CLANG_WARN_ENUM_CONVERSION = YES;
				CLANG_WARN_INT_CONVERSION = YES;
				CLANG_WARN_OBJC_ROOT_CLASS = YES_ERROR;
				CLANG_WARN_UNREACHABLE_CODE = YES;
				CLANG_WARN__DUPLICATE_METHOD_MATCH = YES;
				"CODE_SIGN_IDENTITY[sdk=iphoneos*]" = "iPhone Developer";
				COPY_PHASE_STRIP = NO;
				ENABLE_STRICT_OBJC_MSGSEND = YES;
				GCC_C_LANGUAGE_STANDARD = gnu99;
				GCC_DYNAMIC_NO_PIC = NO;
				GCC_OPTIMIZATION_LEVEL = 0;
				GCC_PREPROCESSOR_DEFINITIONS = (
					"DEBUG=1",
					"$(inherited)",
				);
				GCC_SYMBOLS_PRIVATE_EXTERN = NO;
				GCC_WARN_64_TO_32_BIT_CONVERSION = YES;
				GCC_WARN_ABOUT_RETURN_TYPE = YES_ERROR;
				GCC_WARN_UNDECLARED_SELECTOR = YES;
				GCC_WARN_UNINITIALIZED_AUTOS = YES_AGGRESSIVE;
				GCC_WARN_UNUSED_FUNCTION = YES;
				GCC_WARN_UNUSED_VARIABLE = YES;
				IPHONEOS_DEPLOYMENT_TARGET = 8.0;
				METAL_ENABLE_DEBUG_INFO = YES;
				ONLY_ACTIVE_ARCH = YES;
				SDKROOT = iphoneos;
				SWIFT_OPTIMIZATION_LEVEL = "-Onone";
			};
			name = Debug;
		};
		21C5F8B6197B356F008B9DF4 /* Release */ = {
			isa = XCBuildConfiguration;
			buildSettings = {
				ALWAYS_SEARCH_USER_PATHS = NO;
				CLANG_CXX_LANGUAGE_STANDARD = "gnu++0x";
				CLANG_CXX_LIBRARY = "libc++";
				CLANG_ENABLE_MODULES = YES;
				CLANG_ENABLE_OBJC_ARC = YES;
				CLANG_WARN_BOOL_CONVERSION = YES;
				CLANG_WARN_CONSTANT_CONVERSION = YES;
				CLANG_WARN_DIRECT_OBJC_ISA_USAGE = YES_ERROR;
				CLANG_WARN_EMPTY_BODY = YES;
				CLANG_WARN_ENUM_CONVERSION = YES;
				CLANG_WARN_INT_CONVERSION = YES;
				CLANG_WARN_OBJC_ROOT_CLASS = YES_ERROR;
				CLANG_WARN_UNREACHABLE_CODE = YES;
				CLANG_WARN__DUPLICATE_METHOD_MATCH = YES;
				"CODE_SIGN_IDENTITY[sdk=iphoneos*]" = "iPhone Developer";
				COPY_PHASE_STRIP = YES;
				ENABLE_NS_ASSERTIONS = NO;
				ENABLE_STRICT_OBJC_MSGSEND = YES;
				GCC_C_LANGUAGE_STANDARD = gnu99;
				GCC_WARN_64_TO_32_BIT_CONVERSION = YES;
				GCC_WARN_ABOUT_RETURN_TYPE = YES_ERROR;
				GCC_WARN_UNDECLARED_SELECTOR = YES;
				GCC_WARN_UNINITIALIZED_AUTOS = YES_AGGRESSIVE;
				GCC_WARN_UNUSED_FUNCTION = YES;
				GCC_WARN_UNUSED_VARIABLE = YES;
				IPHONEOS_DEPLOYMENT_TARGET = 8.0;
				METAL_ENABLE_DEBUG_INFO = NO;
				SDKROOT = iphoneos;
				VALIDATE_PRODUCT = YES;
			};
			name = Release;
		};
		21C5F8B8197B356F008B9DF4 /* Debug */ = {
			isa = XCBuildConfiguration;
			buildSettings = {
				ASSETCATALOG_COMPILER_APPICON_NAME = AppIcon;
				ASSETCATALOG_COMPILER_LAUNCHIMAGE_NAME = LaunchImage;
				INFOPLIST_FILE = HelloWorld/Info.plist;
				LD_RUNPATH_SEARCH_PATHS = "$(inherited) @executable_path/Frameworks";
				PRODUCT_NAME = "$(TARGET_NAME)";
			};
			name = Debug;
		};
		21C5F8B9197B356F008B9DF4 /* Release */ = {
			isa = XCBuildConfiguration;
			buildSettings = {
				ASSETCATALOG_COMPILER_APPICON_NAME = AppIcon;
				ASSETCATALOG_COMPILER_LAUNCHIMAGE_NAME = LaunchImage;
				INFOPLIST_FILE = HelloWorld/Info.plist;
				LD_RUNPATH_SEARCH_PATHS = "$(inherited) @executable_path/Frameworks";
				PRODUCT_NAME = "$(TARGET_NAME)";
			};
			name = Release;
		};
		21C5F8BB197B356F008B9DF4 /* Debug */ = {
			isa = XCBuildConfiguration;
			buildSettings = {
				BUNDLE_LOADER = "$(BUILT_PRODUCTS_DIR)/HelloWorld.app/HelloWorld";
				FRAMEWORK_SEARCH_PATHS = (
					"$(SDKROOT)/Developer/Library/Frameworks",
					"$(inherited)",
				);
				GCC_PREPROCESSOR_DEFINITIONS = (
					"DEBUG=1",
					"$(inherited)",
				);
				INFOPLIST_FILE = HelloWorldTests/Info.plist;
				LD_RUNPATH_SEARCH_PATHS = "$(inherited) @executable_path/Frameworks @loader_path/Frameworks";
				METAL_ENABLE_DEBUG_INFO = YES;
				PRODUCT_NAME = "$(TARGET_NAME)";
				TEST_HOST = "$(BUNDLE_LOADER)";
			};
			name = Debug;
		};
		21C5F8BC197B356F008B9DF4 /* Release */ = {
			isa = XCBuildConfiguration;
			buildSettings = {
				BUNDLE_LOADER = "$(BUILT_PRODUCTS_DIR)/HelloWorld.app/HelloWorld";
				FRAMEWORK_SEARCH_PATHS = (
					"$(SDKROOT)/Developer/Library/Frameworks",
					"$(inherited)",
				);
				INFOPLIST_FILE = HelloWorldTests/Info.plist;
				LD_RUNPATH_SEARCH_PATHS = "$(inherited) @executable_path/Frameworks @loader_path/Frameworks";
				METAL_ENABLE_DEBUG_INFO = NO;
				PRODUCT_NAME = "$(TARGET_NAME)";
				TEST_HOST = "$(BUNDLE_LOADER)";
			};
			name = Release;
		};
/* End XCBuildConfiguration section */

/* Begin XCConfigurationList section */
		21C5F896197B356E008B9DF4 /* Build configuration list for PBXProject "HelloWorld" */ = {
			isa = XCConfigurationList;
			buildConfigurations = (
				21C5F8B5197B356F008B9DF4 /* Debug */,
				21C5F8B6197B356F008B9DF4 /* Release */,
			);
			defaultConfigurationIsVisible = 0;
			defaultConfigurationName = Release;
		};
		21C5F8B7197B356F008B9DF4 /* Build configuration list for PBXNativeTarget "HelloWorld" */ = {
			isa = XCConfigurationList;
			buildConfigurations = (
				21C5F8B8197B356F008B9DF4 /* Debug */,
				21C5F8B9197B356F008B9DF4 /* Release */,
			);
			defaultConfigurationIsVisible = 0;
		};
		21C5F8BA197B356F008B9DF4 /* Build configuration list for PBXNativeTarget "HelloWorldTests" */ = {
			isa = XCConfigurationList;
			buildConfigurations = (
				21C5F8BB197B356F008B9DF4 /* Debug */,
				21C5F8BC197B356F008B9DF4 /* Release */,
			);
			defaultConfigurationIsVisible = 0;
		};
/* End XCConfigurationList section */
	};
	rootObject = 21C5F893197B356E008B9DF4 /* Project object */;
}
